// !$*UTF8*$!
{
	archiveVersion = 1;
	classes = {
	};
	objectVersion = 46;
	objects = {

/* Begin PBXBuildFile section */
		54AA65101DF1E2F40015022E /* main.m in Sources */ = {isa = PBXBuildFile; fileRef = 54AA650F1DF1E2F40015022E /* main.m */; };
		54AA65131DF1E2F40015022E /* AppDelegate.m in Sources */ = {isa = PBXBuildFile; fileRef = 54AA65121DF1E2F40015022E /* AppDelegate.m */; };
		54AA65161DF1E2F40015022E /* ViewController.m in Sources */ = {isa = PBXBuildFile; fileRef = 54AA65151DF1E2F40015022E /* ViewController.m */; };
		54AA65191DF1E2F40015022E /* Main.storyboard in Resources */ = {isa = PBXBuildFile; fileRef = 54AA65171DF1E2F40015022E /* Main.storyboard */; };
		54AA651B1DF1E2F40015022E /* Assets.xcassets in Resources */ = {isa = PBXBuildFile; fileRef = 54AA651A1DF1E2F40015022E /* Assets.xcassets */; };
		54AA651E1DF1E2F40015022E /* LaunchScreen.storyboard in Resources */ = {isa = PBXBuildFile; fileRef = 54AA651C1DF1E2F40015022E /* LaunchScreen.storyboard */; };
		54AA65291DF1E2F40015022E /* RLMasonryDemoTests.m in Sources */ = {isa = PBXBuildFile; fileRef = 54AA65281DF1E2F40015022E /* RLMasonryDemoTests.m */; };
		54AA65341DF1E2F40015022E /* RLMasonryDemoUITests.m in Sources */ = {isa = PBXBuildFile; fileRef = 54AA65331DF1E2F40015022E /* RLMasonryDemoUITests.m */; };
/* End PBXBuildFile section */

/* Begin PBXContainerItemProxy section */
		54AA65251DF1E2F40015022E /* PBXContainerItemProxy */ = {
			isa = PBXContainerItemProxy;
			containerPortal = 54AA65031DF1E2F40015022E /* Project object */;
			proxyType = 1;
			remoteGlobalIDString = 54AA650A1DF1E2F40015022E;
			remoteInfo = RLMasonryDemo;
		};
		54AA65301DF1E2F40015022E /* PBXContainerItemProxy */ = {
			isa = PBXContainerItemProxy;
			containerPortal = 54AA65031DF1E2F40015022E /* Project object */;
			proxyType = 1;
			remoteGlobalIDString = 54AA650A1DF1E2F40015022E;
			remoteInfo = RLMasonryDemo;
		};
/* End PBXContainerItemProxy section */

/* Begin PBXFileReference section */
		54AA650B1DF1E2F40015022E /* RLMasonryDemo.app */ = {isa = PBXFileReference; explicitFileType = wrapper.application; includeInIndex = 0; path = RLMasonryDemo.app; sourceTree = BUILT_PRODUCTS_DIR; };
		54AA650F1DF1E2F40015022E /* main.m */ = {isa = PBXFileReference; lastKnownFileType = sourcecode.c.objc; path = main.m; sourceTree = "<group>"; };
		54AA65111DF1E2F40015022E /* AppDelegate.h */ = {isa = PBXFileReference; lastKnownFileType = sourcecode.c.h; path = AppDelegate.h; sourceTree = "<group>"; };
		54AA65121DF1E2F40015022E /* AppDelegate.m */ = {isa = PBXFileReference; lastKnownFileType = sourcecode.c.objc; path = AppDelegate.m; sourceTree = "<group>"; };
		54AA65141DF1E2F40015022E /* ViewController.h */ = {isa = PBXFileReference; lastKnownFileType = sourcecode.c.h; path = ViewController.h; sourceTree = "<group>"; };
		54AA65151DF1E2F40015022E /* ViewController.m */ = {isa = PBXFileReference; lastKnownFileType = sourcecode.c.objc; path = ViewController.m; sourceTree = "<group>"; };
		54AA65181DF1E2F40015022E /* Base */ = {isa = PBXFileReference; lastKnownFileType = file.storyboard; name = Base; path = Base.lproj/Main.storyboard; sourceTree = "<group>"; };
		54AA651A1DF1E2F40015022E /* Assets.xcassets */ = {isa = PBXFileReference; lastKnownFileType = folder.assetcatalog; path = Assets.xcassets; sourceTree = "<group>"; };
		54AA651D1DF1E2F40015022E /* Base */ = {isa = PBXFileReference; lastKnownFileType = file.storyboard; name = Base; path = Base.lproj/LaunchScreen.storyboard; sourceTree = "<group>"; };
		54AA651F1DF1E2F40015022E /* Info.plist */ = {isa = PBXFileReference; lastKnownFileType = text.plist.xml; path = Info.plist; sourceTree = "<group>"; };
		54AA65241DF1E2F40015022E /* RLMasonryDemoTests.xctest */ = {isa = PBXFileReference; explicitFileType = wrapper.cfbundle; includeInIndex = 0; path = RLMasonryDemoTests.xctest; sourceTree = BUILT_PRODUCTS_DIR; };
		54AA65281DF1E2F40015022E /* RLMasonryDemoTests.m */ = {isa = PBXFileReference; lastKnownFileType = sourcecode.c.objc; path = RLMasonryDemoTests.m; sourceTree = "<group>"; };
		54AA652A1DF1E2F40015022E /* Info.plist */ = {isa = PBXFileReference; lastKnownFileType = text.plist.xml; path = Info.plist; sourceTree = "<group>"; };
		54AA652F1DF1E2F40015022E /* RLMasonryDemoUITests.xctest */ = {isa = PBXFileReference; explicitFileType = wrapper.cfbundle; includeInIndex = 0; path = RLMasonryDemoUITests.xctest; sourceTree = BUILT_PRODUCTS_DIR; };
		54AA65331DF1E2F40015022E /* RLMasonryDemoUITests.m */ = {isa = PBXFileReference; lastKnownFileType = sourcecode.c.objc; path = RLMasonryDemoUITests.m; sourceTree = "<group>"; };
		54AA65351DF1E2F40015022E /* Info.plist */ = {isa = PBXFileReference; lastKnownFileType = text.plist.xml; path = Info.plist; sourceTree = "<group>"; };
/* End PBXFileReference section */

/* Begin PBXFrameworksBuildPhase section */
		54AA65081DF1E2F40015022E /* Frameworks */ = {
			isa = PBXFrameworksBuildPhase;
			buildActionMask = 2147483647;
			files = (
			);
			runOnlyForDeploymentPostprocessing = 0;
		};
		54AA65211DF1E2F40015022E /* Frameworks */ = {
			isa = PBXFrameworksBuildPhase;
			buildActionMask = 2147483647;
			files = (
			);
			runOnlyForDeploymentPostprocessing = 0;
		};
		54AA652C1DF1E2F40015022E /* Frameworks */ = {
			isa = PBXFrameworksBuildPhase;
			buildActionMask = 2147483647;
			files = (
			);
			runOnlyForDeploymentPostprocessing = 0;
		};
/* End PBXFrameworksBuildPhase section */

/* Begin PBXGroup section */
		54AA65021DF1E2F40015022E = {
			isa = PBXGroup;
			children = (
				54AA650D1DF1E2F40015022E /* RLMasonryDemo */,
				54AA65271DF1E2F40015022E /* RLMasonryDemoTests */,
				54AA65321DF1E2F40015022E /* RLMasonryDemoUITests */,
				54AA650C1DF1E2F40015022E /* Products */,
			);
			sourceTree = "<group>";
		};
		54AA650C1DF1E2F40015022E /* Products */ = {
			isa = PBXGroup;
			children = (
				54AA650B1DF1E2F40015022E /* RLMasonryDemo.app */,
				54AA65241DF1E2F40015022E /* RLMasonryDemoTests.xctest */,
				54AA652F1DF1E2F40015022E /* RLMasonryDemoUITests.xctest */,
			);
			name = Products;
			sourceTree = "<group>";
		};
		54AA650D1DF1E2F40015022E /* RLMasonryDemo */ = {
			isa = PBXGroup;
			children = (
				54AA65111DF1E2F40015022E /* AppDelegate.h */,
				54AA65121DF1E2F40015022E /* AppDelegate.m */,
				54AA65141DF1E2F40015022E /* ViewController.h */,
				54AA65151DF1E2F40015022E /* ViewController.m */,
				54AA65171DF1E2F40015022E /* Main.storyboard */,
				54AA651A1DF1E2F40015022E /* Assets.xcassets */,
				54AA651C1DF1E2F40015022E /* LaunchScreen.storyboard */,
				54AA651F1DF1E2F40015022E /* Info.plist */,
				54AA650E1DF1E2F40015022E /* Supporting Files */,
			);
			path = RLMasonryDemo;
			sourceTree = "<group>";
		};
		54AA650E1DF1E2F40015022E /* Supporting Files */ = {
			isa = PBXGroup;
			children = (
				54AA650F1DF1E2F40015022E /* main.m */,
			);
			name = "Supporting Files";
			sourceTree = "<group>";
		};
		54AA65271DF1E2F40015022E /* RLMasonryDemoTests */ = {
			isa = PBXGroup;
			children = (
				54AA65281DF1E2F40015022E /* RLMasonryDemoTests.m */,
				54AA652A1DF1E2F40015022E /* Info.plist */,
			);
			path = RLMasonryDemoTests;
			sourceTree = "<group>";
		};
		54AA65321DF1E2F40015022E /* RLMasonryDemoUITests */ = {
			isa = PBXGroup;
			children = (
				54AA65331DF1E2F40015022E /* RLMasonryDemoUITests.m */,
				54AA65351DF1E2F40015022E /* Info.plist */,
			);
			path = RLMasonryDemoUITests;
			sourceTree = "<group>";
		};
/* End PBXGroup section */

/* Begin PBXNativeTarget section */
		54AA650A1DF1E2F40015022E /* RLMasonryDemo */ = {
			isa = PBXNativeTarget;
			buildConfigurationList = 54AA65381DF1E2F40015022E /* Build configuration list for PBXNativeTarget "RLMasonryDemo" */;
			buildPhases = (
				54AA65071DF1E2F40015022E /* Sources */,
				54AA65081DF1E2F40015022E /* Frameworks */,
				54AA65091DF1E2F40015022E /* Resources */,
			);
			buildRules = (
			);
			dependencies = (
			);
			name = RLMasonryDemo;
			productName = RLMasonryDemo;
			productReference = 54AA650B1DF1E2F40015022E /* RLMasonryDemo.app */;
			productType = "com.apple.product-type.application";
		};
		54AA65231DF1E2F40015022E /* RLMasonryDemoTests */ = {
			isa = PBXNativeTarget;
			buildConfigurationList = 54AA653B1DF1E2F40015022E /* Build configuration list for PBXNativeTarget "RLMasonryDemoTests" */;
			buildPhases = (
				54AA65201DF1E2F40015022E /* Sources */,
				54AA65211DF1E2F40015022E /* Frameworks */,
				54AA65221DF1E2F40015022E /* Resources */,
			);
			buildRules = (
			);
			dependencies = (
				54AA65261DF1E2F40015022E /* PBXTargetDependency */,
			);
			name = RLMasonryDemoTests;
			productName = RLMasonryDemoTests;
			productReference = 54AA65241DF1E2F40015022E /* RLMasonryDemoTests.xctest */;
			productType = "com.apple.product-type.bundle.unit-test";
		};
		54AA652E1DF1E2F40015022E /* RLMasonryDemoUITests */ = {
			isa = PBXNativeTarget;
			buildConfigurationList = 54AA653E1DF1E2F40015022E /* Build configuration list for PBXNativeTarget "RLMasonryDemoUITests" */;
			buildPhases = (
				54AA652B1DF1E2F40015022E /* Sources */,
				54AA652C1DF1E2F40015022E /* Frameworks */,
				54AA652D1DF1E2F40015022E /* Resources */,
			);
			buildRules = (
			);
			dependencies = (
				54AA65311DF1E2F40015022E /* PBXTargetDependency */,
			);
			name = RLMasonryDemoUITests;
			productName = RLMasonryDemoUITests;
			productReference = 54AA652F1DF1E2F40015022E /* RLMasonryDemoUITests.xctest */;
			productType = "com.apple.product-type.bundle.ui-testing";
		};
/* End PBXNativeTarget section */

/* Begin PBXProject section */
		54AA65031DF1E2F40015022E /* Project object */ = {
			isa = PBXProject;
			attributes = {
				LastUpgradeCheck = 0810;
				ORGANIZATIONNAME = LiuMingchuan;
				TargetAttributes = {
					54AA650A1DF1E2F40015022E = {
						CreatedOnToolsVersion = 8.1;
						DevelopmentTeam = ZLWT774EAE;
						ProvisioningStyle = Automatic;
					};
					54AA65231DF1E2F40015022E = {
						CreatedOnToolsVersion = 8.1;
						DevelopmentTeam = ZLWT774EAE;
						ProvisioningStyle = Automatic;
						TestTargetID = 54AA650A1DF1E2F40015022E;
					};
					54AA652E1DF1E2F40015022E = {
						CreatedOnToolsVersion = 8.1;
						DevelopmentTeam = ZLWT774EAE;
						ProvisioningStyle = Automatic;
						TestTargetID = 54AA650A1DF1E2F40015022E;
					};
				};
			};
			buildConfigurationList = 54AA65061DF1E2F40015022E /* Build configuration list for PBXProject "RLMasonryDemo" */;
			compatibilityVersion = "Xcode 3.2";
			developmentRegion = English;
			hasScannedForEncodings = 0;
			knownRegions = (
				en,
				Base,
			);
			mainGroup = 54AA65021DF1E2F40015022E;
			productRefGroup = 54AA650C1DF1E2F40015022E /* Products */;
			projectDirPath = "";
			projectRoot = "";
			targets = (
				54AA650A1DF1E2F40015022E /* RLMasonryDemo */,
				54AA65231DF1E2F40015022E /* RLMasonryDemoTests */,
				54AA652E1DF1E2F40015022E /* RLMasonryDemoUITests */,
			);
		};
/* End PBXProject section */

/* Begin PBXResourcesBuildPhase section */
		54AA65091DF1E2F40015022E /* Resources */ = {
			isa = PBXResourcesBuildPhase;
			buildActionMask = 2147483647;
			files = (
				54AA651E1DF1E2F40015022E /* LaunchScreen.storyboard in Resources */,
				54AA651B1DF1E2F40015022E /* Assets.xcassets in Resources */,
				54AA65191DF1E2F40015022E /* Main.storyboard in Resources */,
			);
			runOnlyForDeploymentPostprocessing = 0;
		};
		54AA65221DF1E2F40015022E /* Resources */ = {
			isa = PBXResourcesBuildPhase;
			buildActionMask = 2147483647;
			files = (
			);
			runOnlyForDeploymentPostprocessing = 0;
		};
		54AA652D1DF1E2F40015022E /* Resources */ = {
			isa = PBXResourcesBuildPhase;
			buildActionMask = 2147483647;
			files = (
			);
			runOnlyForDeploymentPostprocessing = 0;
		};
/* End PBXResourcesBuildPhase section */

/* Begin PBXSourcesBuildPhase section */
		54AA65071DF1E2F40015022E /* Sources */ = {
			isa = PBXSourcesBuildPhase;
			buildActionMask = 2147483647;
			files = (
				54AA65161DF1E2F40015022E /* ViewController.m in Sources */,
				54AA65131DF1E2F40015022E /* AppDelegate.m in Sources */,
				54AA65101DF1E2F40015022E /* main.m in Sources */,
			);
			runOnlyForDeploymentPostprocessing = 0;
		};
		54AA65201DF1E2F40015022E /* Sources */ = {
			isa = PBXSourcesBuildPhase;
			buildActionMask = 2147483647;
			files = (
				54AA65291DF1E2F40015022E /* RLMasonryDemoTests.m in Sources */,
			);
			runOnlyForDeploymentPostprocessing = 0;
		};
		54AA652B1DF1E2F40015022E /* Sources */ = {
			isa = PBXSourcesBuildPhase;
			buildActionMask = 2147483647;
			files = (
				54AA65341DF1E2F40015022E /* RLMasonryDemoUITests.m in Sources */,
			);
			runOnlyForDeploymentPostprocessing = 0;
		};
/* End PBXSourcesBuildPhase section */

/* Begin PBXTargetDependency section */
		54AA65261DF1E2F40015022E /* PBXTargetDependency */ = {
			isa = PBXTargetDependency;
			target = 54AA650A1DF1E2F40015022E /* RLMasonryDemo */;
			targetProxy = 54AA65251DF1E2F40015022E /* PBXContainerItemProxy */;
		};
		54AA65311DF1E2F40015022E /* PBXTargetDependency */ = {
			isa = PBXTargetDependency;
			target = 54AA650A1DF1E2F40015022E /* RLMasonryDemo */;
			targetProxy = 54AA65301DF1E2F40015022E /* PBXContainerItemProxy */;
		};
/* End PBXTargetDependency section */

/* Begin PBXVariantGroup section */
		54AA65171DF1E2F40015022E /* Main.storyboard */ = {
			isa = PBXVariantGroup;
			children = (
				54AA65181DF1E2F40015022E /* Base */,
			);
			name = Main.storyboard;
			sourceTree = "<group>";
		};
		54AA651C1DF1E2F40015022E /* LaunchScreen.storyboard */ = {
			isa = PBXVariantGroup;
			children = (
				54AA651D1DF1E2F40015022E /* Base */,
			);
			name = LaunchScreen.storyboard;
			sourceTree = "<group>";
		};
/* End PBXVariantGroup section */

/* Begin XCBuildConfiguration section */
		54AA65361DF1E2F40015022E /* Debug */ = {
			isa = XCBuildConfiguration;
			buildSettings = {
				ALWAYS_SEARCH_USER_PATHS = NO;
				CLANG_ANALYZER_NONNULL = YES;
				CLANG_CXX_LANGUAGE_STANDARD = "gnu++0x";
				CLANG_CXX_LIBRARY = "libc++";
				CLANG_ENABLE_MODULES = YES;
				CLANG_ENABLE_OBJC_ARC = YES;
				CLANG_WARN_BOOL_CONVERSION = YES;
				CLANG_WARN_CONSTANT_CONVERSION = YES;
				CLANG_WARN_DIRECT_OBJC_ISA_USAGE = YES_ERROR;
				CLANG_WARN_DOCUMENTATION_COMMENTS = YES;
				CLANG_WARN_EMPTY_BODY = YES;
				CLANG_WARN_ENUM_CONVERSION = YES;
				CLANG_WARN_INFINITE_RECURSION = YES;
				CLANG_WARN_INT_CONVERSION = YES;
				CLANG_WARN_OBJC_ROOT_CLASS = YES_ERROR;
				CLANG_WARN_SUSPICIOUS_MOVES = YES;
				CLANG_WARN_UNREACHABLE_CODE = YES;
				CLANG_WARN__DUPLICATE_METHOD_MATCH = YES;
				"CODE_SIGN_IDENTITY[sdk=iphoneos*]" = "iPhone Developer";
				COPY_PHASE_STRIP = NO;
				DEBUG_INFORMATION_FORMAT = dwarf;
				ENABLE_STRICT_OBJC_MSGSEND = YES;
				ENABLE_TESTABILITY = YES;
				GCC_C_LANGUAGE_STANDARD = gnu99;
				GCC_DYNAMIC_NO_PIC = NO;
				GCC_NO_COMMON_BLOCKS = YES;
				GCC_OPTIMIZATION_LEVEL = 0;
				GCC_PREPROCESSOR_DEFINITIONS = (
					"DEBUG=1",
					"$(inherited)",
				);
				GCC_WARN_64_TO_32_BIT_CONVERSION = YES;
				GCC_WARN_ABOUT_RETURN_TYPE = YES_ERROR;
				GCC_WARN_UNDECLARED_SELECTOR = YES;
				GCC_WARN_UNINITIALIZED_AUTOS = YES_AGGRESSIVE;
				GCC_WARN_UNUSED_FUNCTION = YES;
				GCC_WARN_UNUSED_VARIABLE = YES;
				IPHONEOS_DEPLOYMENT_TARGET = 10.1;
				MTL_ENABLE_DEBUG_INFO = YES;
				ONLY_ACTIVE_ARCH = YES;
				SDKROOT = iphoneos;
			};
			name = Debug;
		};
		54AA65371DF1E2F40015022E /* Release */ = {
			isa = XCBuildConfiguration;
			buildSettings = {
				ALWAYS_SEARCH_USER_PATHS = NO;
				CLANG_ANALYZER_NONNULL = YES;
				CLANG_CXX_LANGUAGE_STANDARD = "gnu++0x";
				CLANG_CXX_LIBRARY = "libc++";
				CLANG_ENABLE_MODULES = YES;
				CLANG_ENABLE_OBJC_ARC = YES;
				CLANG_WARN_BOOL_CONVERSION = YES;
				CLANG_WARN_CONSTANT_CONVERSION = YES;
				CLANG_WARN_DIRECT_OBJC_ISA_USAGE = YES_ERROR;
				CLANG_WARN_DOCUMENTATION_COMMENTS = YES;
				CLANG_WARN_EMPTY_BODY = YES;
				CLANG_WARN_ENUM_CONVERSION = YES;
				CLANG_WARN_INFINITE_RECURSION = YES;
				CLANG_WARN_INT_CONVERSION = YES;
				CLANG_WARN_OBJC_ROOT_CLASS = YES_ERROR;
				CLANG_WARN_SUSPICIOUS_MOVES = YES;
				CLANG_WARN_UNREACHABLE_CODE = YES;
				CLANG_WARN__DUPLICATE_METHOD_MATCH = YES;
				"CODE_SIGN_IDENTITY[sdk=iphoneos*]" = "iPhone Developer";
				COPY_PHASE_STRIP = NO;
				DEBUG_INFORMATION_FORMAT = "dwarf-with-dsym";
				ENABLE_NS_ASSERTIONS = NO;
				ENABLE_STRICT_OBJC_MSGSEND = YES;
				GCC_C_LANGUAGE_STANDARD = gnu99;
				GCC_NO_COMMON_BLOCKS = YES;
				GCC_WARN_64_TO_32_BIT_CONVERSION = YES;
				GCC_WARN_ABOUT_RETURN_TYPE = YES_ERROR;
				GCC_WARN_UNDECLARED_SELECTOR = YES;
				GCC_WARN_UNINITIALIZED_AUTOS = YES_AGGRESSIVE;
				GCC_WARN_UNUSED_FUNCTION = YES;
				GCC_WARN_UNUSED_VARIABLE = YES;
				IPHONEOS_DEPLOYMENT_TARGET = 10.1;
				MTL_ENABLE_DEBUG_INFO = NO;
				SDKROOT = iphoneos;
				VALIDATE_PRODUCT = YES;
			};
			name = Release;
		};
		54AA65391DF1E2F40015022E /* Debug */ = {
			isa = XCBuildConfiguration;
			buildSettings = {
				ASSETCATALOG_COMPILER_APPICON_NAME = AppIcon;
				DEVELOPMENT_TEAM = ZLWT774EAE;
				INFOPLIST_FILE = RLMasonryDemo/Info.plist;
				LD_RUNPATH_SEARCH_PATHS = "$(inherited) @executable_path/Frameworks";
				PRODUCT_BUNDLE_IDENTIFIER = com.ryoma.RLMasonryDemo;
				PRODUCT_NAME = "$(TARGET_NAME)";
			};
			name = Debug;
		};
		54AA653A1DF1E2F40015022E /* Release */ = {
			isa = XCBuildConfiguration;
			buildSettings = {
				ASSETCATALOG_COMPILER_APPICON_NAME = AppIcon;
				DEVELOPMENT_TEAM = ZLWT774EAE;
				INFOPLIST_FILE = RLMasonryDemo/Info.plist;
				LD_RUNPATH_SEARCH_PATHS = "$(inherited) @executable_path/Frameworks";
				PRODUCT_BUNDLE_IDENTIFIER = com.ryoma.RLMasonryDemo;
				PRODUCT_NAME = "$(TARGET_NAME)";
			};
			name = Release;
		};
		54AA653C1DF1E2F40015022E /* Debug */ = {
			isa = XCBuildConfiguration;
			buildSettings = {
				BUNDLE_LOADER = "$(TEST_HOST)";
				DEVELOPMENT_TEAM = ZLWT774EAE;
				INFOPLIST_FILE = RLMasonryDemoTests/Info.plist;
				LD_RUNPATH_SEARCH_PATHS = "$(inherited) @executable_path/Frameworks @loader_path/Frameworks";
				PRODUCT_BUNDLE_IDENTIFIER = com.ryoma.RLMasonryDemoTests;
				PRODUCT_NAME = "$(TARGET_NAME)";
				TEST_HOST = "$(BUILT_PRODUCTS_DIR)/RLMasonryDemo.app/RLMasonryDemo";
			};
			name = Debug;
		};
		54AA653D1DF1E2F40015022E /* Release */ = {
			isa = XCBuildConfiguration;
			buildSettings = {
				BUNDLE_LOADER = "$(TEST_HOST)";
				DEVELOPMENT_TEAM = ZLWT774EAE;
				INFOPLIST_FILE = RLMasonryDemoTests/Info.plist;
				LD_RUNPATH_SEARCH_PATHS = "$(inherited) @executable_path/Frameworks @loader_path/Frameworks";
				PRODUCT_BUNDLE_IDENTIFIER = com.ryoma.RLMasonryDemoTests;
				PRODUCT_NAME = "$(TARGET_NAME)";
				TEST_HOST = "$(BUILT_PRODUCTS_DIR)/RLMasonryDemo.app/RLMasonryDemo";
			};
			name = Release;
		};
		54AA653F1DF1E2F40015022E /* Debug */ = {
			isa = XCBuildConfiguration;
			buildSettings = {
				DEVELOPMENT_TEAM = ZLWT774EAE;
				INFOPLIST_FILE = RLMasonryDemoUITests/Info.plist;
				LD_RUNPATH_SEARCH_PATHS = "$(inherited) @executable_path/Frameworks @loader_path/Frameworks";
				PRODUCT_BUNDLE_IDENTIFIER = com.ryoma.RLMasonryDemoUITests;
				PRODUCT_NAME = "$(TARGET_NAME)";
				TEST_TARGET_NAME = RLMasonryDemo;
			};
			name = Debug;
		};
		54AA65401DF1E2F40015022E /* Release */ = {
			isa = XCBuildConfiguration;
			buildSettings = {
				DEVELOPMENT_TEAM = ZLWT774EAE;
				INFOPLIST_FILE = RLMasonryDemoUITests/Info.plist;
				LD_RUNPATH_SEARCH_PATHS = "$(inherited) @executable_path/Frameworks @loader_path/Frameworks";
				PRODUCT_BUNDLE_IDENTIFIER = com.ryoma.RLMasonryDemoUITests;
				PRODUCT_NAME = "$(TARGET_NAME)";
				TEST_TARGET_NAME = RLMasonryDemo;
			};
			name = Release;
		};
/* End XCBuildConfiguration section */

/* Begin XCConfigurationList section */
		54AA65061DF1E2F40015022E /* Build configuration list for PBXProject "RLMasonryDemo" */ = {
			isa = XCConfigurationList;
			buildConfigurations = (
				54AA65361DF1E2F40015022E /* Debug */,
				54AA65371DF1E2F40015022E /* Release */,
			);
			defaultConfigurationIsVisible = 0;
			defaultConfigurationName = Release;
		};
		54AA65381DF1E2F40015022E /* Build configuration list for PBXNativeTarget "RLMasonryDemo" */ = {
			isa = XCConfigurationList;
			buildConfigurations = (
				54AA65391DF1E2F40015022E /* Debug */,
				54AA653A1DF1E2F40015022E /* Release */,
			);
			defaultConfigurationIsVisible = 0;
		};
		54AA653B1DF1E2F40015022E /* Build configuration list for PBXNativeTarget "RLMasonryDemoTests" */ = {
			isa = XCConfigurationList;
			buildConfigurations = (
				54AA653C1DF1E2F40015022E /* Debug */,
				54AA653D1DF1E2F40015022E /* Release */,
			);
			defaultConfigurationIsVisible = 0;
		};
		54AA653E1DF1E2F40015022E /* Build configuration list for PBXNativeTarget "RLMasonryDemoUITests" */ = {
			isa = XCConfigurationList;
			buildConfigurations = (
				54AA653F1DF1E2F40015022E /* Debug */,
				54AA65401DF1E2F40015022E /* Release */,
			);
			defaultConfigurationIsVisible = 0;
		};
/* End XCConfigurationList section */
	};
	rootObject = 54AA65031DF1E2F40015022E /* Project object */;
}
